
Microsoft Visual Studio Solution File, Format Version 12.00
# Visual Studio Version 18
VisualStudioVersion = 18.0.11012.119
MinimumVisualStudioVersion = 10.0.40219.1
Project("{FAE04EC0-301F-11D3-BF4B-00C04F79EFBC}") = "AutoML.Web", "AutoML.Web\AutoML.Web.csproj", "{7E822105-2662-467A-BC4C-6522D5483217}"
EndProject
Project("{FAE04EC0-301F-11D3-BF4B-00C04F79EFBC}") = "AutoML.Domain", "AutoML.Domain\AutoML.Domain.csproj", "{F65AF57A-7759-40EB-88AB-D04B944BE0B6}"
EndProject
Global
	GlobalSection(SolutionConfigurationPlatforms) = preSolution
		Debug|Any CPU = Debug|Any CPU
		Release|Any CPU = Release|Any CPU
	EndGlobalSection
	GlobalSection(ProjectConfigurationPlatforms) = postSolution
		{7E822105-2662-467A-BC4C-6522D5483217}.Debug|Any CPU.ActiveCfg = Debug|Any CPU
		{7E822105-2662-467A-BC4C-6522D5483217}.Debug|Any CPU.Build.0 = Debug|Any CPU
		{7E822105-2662-467A-BC4C-6522D5483217}.Release|Any CPU.ActiveCfg = Release|Any CPU
		{7E822105-2662-467A-BC4C-6522D5483217}.Release|Any CPU.Build.0 = Release|Any CPU
		{F65AF57A-7759-40EB-88AB-D04B944BE0B6}.Debug|Any CPU.ActiveCfg = Debug|Any CPU
		{F65AF57A-7759-40EB-88AB-D04B944BE0B6}.Debug|Any CPU.Build.0 = Debug|Any CPU
		{F65AF57A-7759-40EB-88AB-D04B944BE0B6}.Release|Any CPU.ActiveCfg = Release|Any CPU
		{F65AF57A-7759-40EB-88AB-D04B944BE0B6}.Release|Any CPU.Build.0 = Release|Any CPU
	EndGlobalSection
	GlobalSection(SolutionProperties) = preSolution
		HideSolutionNode = FALSE
	EndGlobalSection
	GlobalSection(ExtensibilityGlobals) = postSolution
		SolutionGuid = {FD4FE5F7-61FC-4DC7-808C-9383E3918A6E}
	EndGlobalSection
EndGlobal
